
Microsoft Visual Studio Solution File, Format Version 12.00
# Visual Studio Version 16
VisualStudioVersion = 16.0.29123.88
MinimumVisualStudioVersion = 10.0.40219.1
Project("{FAE04EC0-301F-11D3-BF4B-00C04F79EFBC}") = "Lab1", "Lab1\Lab1.csproj", "{DE794D57-CE69-474D-9D74-98F98539FBC0}"
EndProject
Global
	GlobalSection(SolutionConfigurationPlatforms) = preSolution
		Debug|Any CPU = Debug|Any CPU
		Release|Any CPU = Release|Any CPU
	EndGlobalSection
	GlobalSection(ProjectConfigurationPlatforms) = postSolution
		{DE794D57-CE69-474D-9D74-98F98539FBC0}.Debug|Any CPU.ActiveCfg = Debug|Any CPU
		{DE794D57-CE69-474D-9D74-98F98539FBC0}.Debug|Any CPU.Build.0 = Debug|Any CPU
		{DE794D57-CE69-474D-9D74-98F98539FBC0}.Release|Any CPU.ActiveCfg = Release|Any CPU
		{DE794D57-CE69-474D-9D74-98F98539FBC0}.Release|Any CPU.Build.0 = Release|Any CPU
	EndGlobalSection
	GlobalSection(SolutionProperties) = preSolution
		HideSolutionNode = FALSE
	EndGlobalSection
	GlobalSection(ExtensibilityGlobals) = postSolution
		SolutionGuid = {11FA8CAF-2603-4096-9911-735E8C03CAA5}
	EndGlobalSection
EndGlobal
